
Microsoft Visual Studio Solution File, Format Version 12.00
# Visual Studio 2012
Project("{FAE04EC0-301F-11D3-BF4B-00C04F79EFBC}") = "SAPErpConnect", "SAPErpConnect\SAPErpConnect.csproj", "{9DF83A72-C2E5-4A10-BB7C-4F66B6D92E78}"
EndProject
Project("{FAE04EC0-301F-11D3-BF4B-00C04F79EFBC}") = "SAPBDCConnect", "SAPBDCConnect\SAPBDCConnect.csproj", "{745F8866-2B97-400B-BB25-B87E7FC3E439}"
EndProject
Project("{2150E333-8FDC-42A3-9474-1A3956D46DE8}") = "SAPDlls", "SAPDlls", "{0E2E75DD-8186-4058-885A-C0F8D920D0C4}"
	ProjectSection(SolutionItems) = preProject
		SAPDlls\rscp4n.dll = SAPDlls\rscp4n.dll
		SAPDlls\sapnco.dll = SAPDlls\sapnco.dll
		SAPDlls\sapnco_utils.dll = SAPDlls\sapnco_utils.dll
	EndProjectSection
EndProject
Project("{2150E333-8FDC-42A3-9474-1A3956D46DE8}") = "SQL", "SQL", "{3B1094B7-46A4-4730-888C-518F5CCBEBF9}"
	ProjectSection(SolutionItems) = preProject
		SQL\CreateSQL.sql = SQL\CreateSQL.sql
		SQL\InsertSQL.sql = SQL\InsertSQL.sql
	EndProjectSection
EndProject
Project("{FAE04EC0-301F-11D3-BF4B-00C04F79EFBC}") = "SAPSQLConnect", "SAPSQLConnect\SAPSQLConnect.csproj", "{FEA45230-0CF0-480B-A88A-67F47DDEDE97}"
EndProject
Global
	GlobalSection(SolutionConfigurationPlatforms) = preSolution
		Debug|Any CPU = Debug|Any CPU
		Release|Any CPU = Release|Any CPU
	EndGlobalSection
	GlobalSection(ProjectConfigurationPlatforms) = postSolution
		{9DF83A72-C2E5-4A10-BB7C-4F66B6D92E78}.Debug|Any CPU.ActiveCfg = Debug|Any CPU
		{9DF83A72-C2E5-4A10-BB7C-4F66B6D92E78}.Debug|Any CPU.Build.0 = Debug|Any CPU
		{9DF83A72-C2E5-4A10-BB7C-4F66B6D92E78}.Release|Any CPU.ActiveCfg = Release|Any CPU
		{9DF83A72-C2E5-4A10-BB7C-4F66B6D92E78}.Release|Any CPU.Build.0 = Release|Any CPU
		{745F8866-2B97-400B-BB25-B87E7FC3E439}.Debug|Any CPU.ActiveCfg = Debug|Any CPU
		{745F8866-2B97-400B-BB25-B87E7FC3E439}.Debug|Any CPU.Build.0 = Debug|Any CPU
		{745F8866-2B97-400B-BB25-B87E7FC3E439}.Debug|Any CPU.Deploy.0 = Debug|Any CPU
		{745F8866-2B97-400B-BB25-B87E7FC3E439}.Release|Any CPU.ActiveCfg = Release|Any CPU
		{745F8866-2B97-400B-BB25-B87E7FC3E439}.Release|Any CPU.Build.0 = Release|Any CPU
		{745F8866-2B97-400B-BB25-B87E7FC3E439}.Release|Any CPU.Deploy.0 = Release|Any CPU
		{FEA45230-0CF0-480B-A88A-67F47DDEDE97}.Debug|Any CPU.ActiveCfg = Debug|Any CPU
		{FEA45230-0CF0-480B-A88A-67F47DDEDE97}.Debug|Any CPU.Build.0 = Debug|Any CPU
		{FEA45230-0CF0-480B-A88A-67F47DDEDE97}.Release|Any CPU.ActiveCfg = Release|Any CPU
		{FEA45230-0CF0-480B-A88A-67F47DDEDE97}.Release|Any CPU.Build.0 = Release|Any CPU
	EndGlobalSection
	GlobalSection(SolutionProperties) = preSolution
		HideSolutionNode = FALSE
	EndGlobalSection
EndGlobal
